
Microsoft Visual Studio Solution File, Format Version 12.00
# Visual Studio Version 17
VisualStudioVersion = 17.2.32616.157
MinimumVisualStudioVersion = 10.0.40219.1
Project("{FAE04EC0-301F-11D3-BF4B-00C04F79EFBC}") = "ConsultaDeDatosCon.Net", "ConsultaDeDatosCon.Net\ConsultaDeDatosCon.Net.csproj", "{40012FF5-E310-4D0A-9D81-033609485479}"
EndProject
Global
	GlobalSection(SolutionConfigurationPlatforms) = preSolution
		Debug|Any CPU = Debug|Any CPU
		Release|Any CPU = Release|Any CPU
	EndGlobalSection
	GlobalSection(ProjectConfigurationPlatforms) = postSolution
		{40012FF5-E310-4D0A-9D81-033609485479}.Debug|Any CPU.ActiveCfg = Debug|Any CPU
		{40012FF5-E310-4D0A-9D81-033609485479}.Debug|Any CPU.Build.0 = Debug|Any CPU
		{40012FF5-E310-4D0A-9D81-033609485479}.Release|Any CPU.ActiveCfg = Release|Any CPU
		{40012FF5-E310-4D0A-9D81-033609485479}.Release|Any CPU.Build.0 = Release|Any CPU
	EndGlobalSection
	GlobalSection(SolutionProperties) = preSolution
		HideSolutionNode = FALSE
	EndGlobalSection
	GlobalSection(ExtensibilityGlobals) = postSolution
		SolutionGuid = {ADB39588-DC7C-4CEE-B800-F5C242A3F23C}
	EndGlobalSection
EndGlobal
